{
  "name": "atom",
  "version": "0.1.0",
  "lockfileVersion": 1,
  "requires": true,
  "dependencies": {
    "@types/prop-types": {
      "version": "15.5.2",
      "resolved": "https://registry.npmjs.org/@types/prop-types/-/prop-types-15.5.2.tgz",
      "integrity": "sha512-pQRkAVoxiuUrLq8+CDwiQX4pTCep/PmmNgBbjIwnnsd/HoYjGpR81+FFPE030lvNXgR0haaAU6eoRtztWDE4Xw==",
      "dev": true
    },
    "utility-types": {
      "version": "2.0.0",
      "resolved": "https://registry.npmjs.org/utility-types/-/utility-types-2.0.0.tgz",
      "integrity": "sha512-/ilZGby7cs2OmvJuhRiqczKtjEY5lcdt2oaI/Q+VFepOAgQNgGRwTbRa0mtN1CIb7Kkw5dSsCKXMU29+jLP8jw=="
    }
  }
}
