{
  "name": "atom",
  "version": "0.1.0",
  "lockfileVersion": 1,
  "requires": true,
  "dependencies": {
    "@types/prop-types": {
      "version": "15.5.2",
      "resolved": "https://registry.npmjs.org/@types/prop-types/-/prop-types-15.5.2.tgz",
      "integrity": "sha512-pQRkAVoxiuUrLq8+CDwiQX4pTCep/PmmNgBbjIwnnsd/HoYjGpR81+FFPE030lvNXgR0haaAU6eoRtztWDE4Xw=="
    }
  }
}
